{
    "_meta": {
        "hash": {
            "sha256": "530c1d502f19e723ed13efb7788baff778b42dfb41b3094aff87e87960c70d72"
        },
        "pipfile-spec": 6,
        "requires": {
            "python_version": "3.10"
        },
        "sources": [
            {
                "name": "pypi",
                "url": "https://pypi.org/simple",
                "verify_ssl": true
            }
        ]
    },
    "default": {
        "asgiref": {
            "hashes": [
                "sha256:71e68008da809b957b7ee4b43dbccff33d1b23519fb8344e33f049897077afac",
                "sha256:9567dfe7bd8d3c8c892227827c41cce860b368104c3431da67a0c5a65a949506"
            ],
            "markers": "python_version >= '3.7'",
            "version": "==3.6.0"
        },
        "dj-database-url": {
            "hashes": [
                "sha256:80a115bd7675c9fe14a900b2f8b5c8b1822b5a279b333bf9b2804de681656c7c",
                "sha256:87be5f7c4c83d9b3d8ce94b834f96cea14b3986f3629aac097afdd9318d7b098"
            ],
            "version": "==1.3.0"
        },
        "dj-email-url": {
            "hashes": [
                "sha256:55ffe3329e48f54f8a75aa36ece08f365e09d61f8a209773ef09a1d4760e699a",
                "sha256:cbd08327fbb08b104eac160fb4703f375532e4c0243eb230f5b960daee7a96db"
            ],
            "version": "==1.0.6"
        },
        "django": {
            "hashes": [
                "sha256:ad33ed68db9398f5dfb33282704925bce044bef4261cd4fb59e4e7f9ae505a78",
                "sha256:c36e2ab12824e2ac36afa8b2515a70c53c7742f0d6eaefa7311ec379558db997"
            ],
            "index": "pypi",
            "version": "==4.2"
        },
        "django-cache-url": {
            "hashes": [
                "sha256:5ca4760b4580b80e41279bc60d1e5c16a822e4e462265faab0a330701bb0ef9a",
                "sha256:ef2cfacea361ee22e9b67d6ca941db22e0a9eaf892b67ca71cad52c62a17fd36"
            ],
            "version": "==3.4.4"
        },
        "environs": {
            "extras": [
                "django"
            ],
            "hashes": [
                "sha256:a98005aab7613b6fe7a1af7192a5163f72a52d3348d3918e6c7a2a32e4012779",
                "sha256:bf3fd6bc54fcfd7f512ddcb80a7781f0ced2b0c83dd123d619e9468ecdaaf537"
            ],
            "index": "pypi",
            "version": "==8.0.0"
        },
        "gunicorn": {
            "hashes": [
                "sha256:aa8e0b40b4157b36a5df5e599f45c9c76d6af43845ba3b3b0efe2c70473c2471",
                "sha256:fa2662097c66f920f53f70621c6c58ca4a3c4d3434205e608e121b5b3b71f4f3"
            ],
            "index": "pypi",
            "version": "==19.9.0"
        },
        "marshmallow": {
            "hashes": [
                "sha256:90032c0fd650ce94b6ec6dc8dfeb0e3ff50c144586462c389b81a07205bedb78",
                "sha256:93f0958568da045b0021ec6aeb7ac37c81bfcccbb9a0e7ed8559885070b3a19b"
            ],
            "markers": "python_version >= '3.7'",
            "version": "==3.19.0"
        },
        "packaging": {
            "hashes": [
                "sha256:714ac14496c3e68c99c29b00845f7a2b85f3bb6f1078fd9f72fd20f0570002b2",
                "sha256:b6ad297f8907de0fa2fe1ccbd26fdaf387f5f47c7275fedf8cce89f99446cf97"
            ],
            "markers": "python_version >= '3.7'",
            "version": "==23.0"
        },
        "python-dotenv": {
            "hashes": [
                "sha256:a8df96034aae6d2d50a4ebe8216326c61c3eb64836776504fcca410e5937a3ba",
                "sha256:f5971a9226b701070a4bf2c38c89e5a3f0d64de8debda981d1db98583009122a"
            ],
            "markers": "python_version >= '3.8'",
            "version": "==1.0.0"
        },
        "sqlparse": {
            "hashes": [
                "sha256:0323c0ec29cd52bceabc1b4d9d579e311f3e4961b98d174201d5622a23b85e34",
                "sha256:69ca804846bb114d2ec380e4360a8a340db83f0ccf3afceeb1404df028f57268"
            ],
            "markers": "python_version >= '3.5'",
            "version": "==0.4.3"
        },
        "typing-extensions": {
            "hashes": [
                "sha256:5cb5f4a79139d699607b3ef622a1dedafa84e115ab0024e0d9c044a9479ca7cb",
                "sha256:fb33085c39dd998ac16d1431ebc293a8b3eedd00fd4a32de0ff79002c19511b4"
            ],
            "markers": "python_version >= '3.7'",
            "version": "==4.5.0"
        },
        "tzdata": {
            "hashes": [
                "sha256:11ef1e08e54acb0d4f95bdb1be05da659673de4acbd21bf9c69e94cc5e907a3a",
                "sha256:7e65763eef3120314099b6939b5546db7adce1e7d6f2e179e3df563c70511eda"
            ],
            "markers": "sys_platform == 'win32'",
            "version": "==2023.3"
        },
        "whitenoise": {
            "hashes": [
                "sha256:60154b976a13901414a25b0273a841145f77eb34a141f9ae032a0ace3e4d5b27",
                "sha256:6dd26bfda3af29177d8ab7333a0c7b7642eb615ce83764f4d15a9aecda3201c4"
            ],
            "index": "pypi",
            "version": "==5.1.0"
        }
    },
    "develop": {}
}
